{
  "object": {
    "pins": [
      {
        "package": "CoreShapePackage",
        "repositoryURL": "https://github.com/xho95/CoreShapePackage.git",
        "state": {
          "branch": null,
          "revision": "513400c95fe4b7d5d2adf4f730b24bdfa1eefe0c",
          "version": "0.0.1"
        }
      }
    ]
  },
  "version": 1
}
